// !$*UTF8*$!
{
	archiveVersion = 1;
	classes = {
	};
	objectVersion = 50;
	objects = {

/* Begin PBXBuildFile section */
		820EA85D229FF9B40042875F /* AppDelegate.swift in Sources */ = {isa = PBXBuildFile; fileRef = 820EA85C229FF9B40042875F /* AppDelegate.swift */; };
		820EA85F229FF9B40042875F /* ViewController.swift in Sources */ = {isa = PBXBuildFile; fileRef = 820EA85E229FF9B40042875F /* ViewController.swift */; };
		820EA862229FF9B40042875F /* Main.storyboard in Resources */ = {isa = PBXBuildFile; fileRef = 820EA860229FF9B40042875F /* Main.storyboard */; };
		820EA864229FF9B60042875F /* Assets.xcassets in Resources */ = {isa = PBXBuildFile; fileRef = 820EA863229FF9B60042875F /* Assets.xcassets */; };
		820EA867229FF9B60042875F /* LaunchScreen.storyboard in Resources */ = {isa = PBXBuildFile; fileRef = 820EA865229FF9B60042875F /* LaunchScreen.storyboard */; };
		820EA870229FFB8E0042875F /* DataSourceKit.framework in Frameworks */ = {isa = PBXBuildFile; fileRef = 820EA86F229FFB8E0042875F /* DataSourceKit.framework */; };
		820EA872229FFB9B0042875F /* Instantiate.framework in Frameworks */ = {isa = PBXBuildFile; fileRef = 820EA871229FFB9B0042875F /* Instantiate.framework */; };
		820EA874229FFBA70042875F /* InstantiateStandard.framework in Frameworks */ = {isa = PBXBuildFile; fileRef = 820EA873229FFBA70042875F /* InstantiateStandard.framework */; };
		820EA878229FFCFC0042875F /* Review.swift in Sources */ = {isa = PBXBuildFile; fileRef = 820EA877229FFCFC0042875F /* Review.swift */; };
		820EA87A229FFD1B0042875F /* Venue.swift in Sources */ = {isa = PBXBuildFile; fileRef = 820EA879229FFD1B0042875F /* Venue.swift */; };
/* End PBXBuildFile section */

/* Begin PBXFileReference section */
		820EA859229FF9B40042875F /* DataSourceKitSandbox.app */ = {isa = PBXFileReference; explicitFileType = wrapper.application; includeInIndex = 0; path = DataSourceKitSandbox.app; sourceTree = BUILT_PRODUCTS_DIR; };
		820EA85C229FF9B40042875F /* AppDelegate.swift */ = {isa = PBXFileReference; lastKnownFileType = sourcecode.swift; path = AppDelegate.swift; sourceTree = "<group>"; };
		820EA85E229FF9B40042875F /* ViewController.swift */ = {isa = PBXFileReference; lastKnownFileType = sourcecode.swift; path = ViewController.swift; sourceTree = "<group>"; };
		820EA861229FF9B40042875F /* Base */ = {isa = PBXFileReference; lastKnownFileType = file.storyboard; name = Base; path = Base.lproj/Main.storyboard; sourceTree = "<group>"; };
		820EA863229FF9B60042875F /* Assets.xcassets */ = {isa = PBXFileReference; lastKnownFileType = folder.assetcatalog; path = Assets.xcassets; sourceTree = "<group>"; };
		820EA866229FF9B60042875F /* Base */ = {isa = PBXFileReference; lastKnownFileType = file.storyboard; name = Base; path = Base.lproj/LaunchScreen.storyboard; sourceTree = "<group>"; };
		820EA868229FF9B70042875F /* Info.plist */ = {isa = PBXFileReference; lastKnownFileType = text.plist.xml; path = Info.plist; sourceTree = "<group>"; };
		820EA86F229FFB8E0042875F /* DataSourceKit.framework */ = {isa = PBXFileReference; lastKnownFileType = wrapper.framework; name = DataSourceKit.framework; path = Carthage/Build/iOS/DataSourceKit.framework; sourceTree = "<group>"; };
		820EA871229FFB9B0042875F /* Instantiate.framework */ = {isa = PBXFileReference; lastKnownFileType = wrapper.framework; name = Instantiate.framework; path = Carthage/Build/iOS/Instantiate.framework; sourceTree = "<group>"; };
		820EA873229FFBA70042875F /* InstantiateStandard.framework */ = {isa = PBXFileReference; lastKnownFileType = wrapper.framework; name = InstantiateStandard.framework; path = Carthage/Build/iOS/InstantiateStandard.framework; sourceTree = "<group>"; };
		820EA877229FFCFC0042875F /* Review.swift */ = {isa = PBXFileReference; lastKnownFileType = sourcecode.swift; path = Review.swift; sourceTree = "<group>"; };
		820EA879229FFD1B0042875F /* Venue.swift */ = {isa = PBXFileReference; lastKnownFileType = sourcecode.swift; path = Venue.swift; sourceTree = "<group>"; };
/* End PBXFileReference section */

/* Begin PBXFrameworksBuildPhase section */
		820EA856229FF9B40042875F /* Frameworks */ = {
			isa = PBXFrameworksBuildPhase;
			buildActionMask = 2147483647;
			files = (
				820EA874229FFBA70042875F /* InstantiateStandard.framework in Frameworks */,
				820EA872229FFB9B0042875F /* Instantiate.framework in Frameworks */,
				820EA870229FFB8E0042875F /* DataSourceKit.framework in Frameworks */,
			);
			runOnlyForDeploymentPostprocessing = 0;
		};
/* End PBXFrameworksBuildPhase section */

/* Begin PBXGroup section */
		820EA850229FF9B40042875F = {
			isa = PBXGroup;
			children = (
				820EA85B229FF9B40042875F /* DataSourceKitSandbox */,
				820EA85A229FF9B40042875F /* Products */,
				820EA86E229FFB8D0042875F /* Frameworks */,
			);
			sourceTree = "<group>";
		};
		820EA85A229FF9B40042875F /* Products */ = {
			isa = PBXGroup;
			children = (
				820EA859229FF9B40042875F /* DataSourceKitSandbox.app */,
			);
			name = Products;
			sourceTree = "<group>";
		};
		820EA85B229FF9B40042875F /* DataSourceKitSandbox */ = {
			isa = PBXGroup;
			children = (
				820EA876229FFCE60042875F /* View */,
				820EA85C229FF9B40042875F /* AppDelegate.swift */,
				820EA85E229FF9B40042875F /* ViewController.swift */,
				820EA860229FF9B40042875F /* Main.storyboard */,
				820EA863229FF9B60042875F /* Assets.xcassets */,
				820EA865229FF9B60042875F /* LaunchScreen.storyboard */,
				820EA868229FF9B70042875F /* Info.plist */,
			);
			path = DataSourceKitSandbox;
			sourceTree = "<group>";
		};
		820EA86E229FFB8D0042875F /* Frameworks */ = {
			isa = PBXGroup;
			children = (
				820EA873229FFBA70042875F /* InstantiateStandard.framework */,
				820EA871229FFB9B0042875F /* Instantiate.framework */,
				820EA86F229FFB8E0042875F /* DataSourceKit.framework */,
			);
			name = Frameworks;
			sourceTree = "<group>";
		};
		820EA876229FFCE60042875F /* View */ = {
			isa = PBXGroup;
			children = (
				820EA877229FFCFC0042875F /* Review.swift */,
				820EA879229FFD1B0042875F /* Venue.swift */,
			);
			path = View;
			sourceTree = "<group>";
		};
/* End PBXGroup section */

/* Begin PBXNativeTarget section */
		820EA858229FF9B40042875F /* DataSourceKitSandbox */ = {
			isa = PBXNativeTarget;
			buildConfigurationList = 820EA86B229FF9B70042875F /* Build configuration list for PBXNativeTarget "DataSourceKitSandbox" */;
			buildPhases = (
				820EA855229FF9B40042875F /* Sources */,
				820EA856229FF9B40042875F /* Frameworks */,
				820EA857229FF9B40042875F /* Resources */,
				820EA875229FFBB80042875F /* ShellScript */,
			);
			buildRules = (
			);
			dependencies = (
			);
			name = DataSourceKitSandbox;
			productName = DataSourceKitSandbox;
			productReference = 820EA859229FF9B40042875F /* DataSourceKitSandbox.app */;
			productType = "com.apple.product-type.application";
		};
/* End PBXNativeTarget section */

/* Begin PBXProject section */
		820EA851229FF9B40042875F /* Project object */ = {
			isa = PBXProject;
			attributes = {
				LastSwiftUpdateCheck = 1020;
				LastUpgradeCheck = 1020;
				ORGANIZATIONNAME = "JX PRESS Corporation";
				TargetAttributes = {
					820EA858229FF9B40042875F = {
						CreatedOnToolsVersion = 10.2.1;
					};
				};
			};
			buildConfigurationList = 820EA854229FF9B40042875F /* Build configuration list for PBXProject "DataSourceKitSandbox" */;
			compatibilityVersion = "Xcode 9.3";
			developmentRegion = en;
			hasScannedForEncodings = 0;
			knownRegions = (
				en,
				Base,
			);
			mainGroup = 820EA850229FF9B40042875F;
			productRefGroup = 820EA85A229FF9B40042875F /* Products */;
			projectDirPath = "";
			projectRoot = "";
			targets = (
				820EA858229FF9B40042875F /* DataSourceKitSandbox */,
			);
		};
/* End PBXProject section */

/* Begin PBXResourcesBuildPhase section */
		820EA857229FF9B40042875F /* Resources */ = {
			isa = PBXResourcesBuildPhase;
			buildActionMask = 2147483647;
			files = (
				820EA867229FF9B60042875F /* LaunchScreen.storyboard in Resources */,
				820EA864229FF9B60042875F /* Assets.xcassets in Resources */,
				820EA862229FF9B40042875F /* Main.storyboard in Resources */,
			);
			runOnlyForDeploymentPostprocessing = 0;
		};
/* End PBXResourcesBuildPhase section */

/* Begin PBXShellScriptBuildPhase section */
		820EA875229FFBB80042875F /* ShellScript */ = {
			isa = PBXShellScriptBuildPhase;
			buildActionMask = 2147483647;
			files = (
			);
			inputFileListPaths = (
			);
			inputPaths = (
				"$(SRCROOT)/Carthage/Build/iOS/DataSourceKit.framework",
				"$(SRCROOT)/Carthage/Build/iOS/Instantiate.framework",
				"$(SRCROOT)/Carthage/Build/iOS/InstantiateStandard.framework",
			);
			outputFileListPaths = (
			);
			outputPaths = (
			);
			runOnlyForDeploymentPostprocessing = 0;
			shellPath = /bin/sh;
			shellScript = "/usr/local/bin/carthage copy-frameworks\n";
		};
/* End PBXShellScriptBuildPhase section */

/* Begin PBXSourcesBuildPhase section */
		820EA855229FF9B40042875F /* Sources */ = {
			isa = PBXSourcesBuildPhase;
			buildActionMask = 2147483647;
			files = (
				820EA85F229FF9B40042875F /* ViewController.swift in Sources */,
				820EA87A229FFD1B0042875F /* Venue.swift in Sources */,
				820EA85D229FF9B40042875F /* AppDelegate.swift in Sources */,
				820EA878229FFCFC0042875F /* Review.swift in Sources */,
			);
			runOnlyForDeploymentPostprocessing = 0;
		};
/* End PBXSourcesBuildPhase section */

/* Begin PBXVariantGroup section */
		820EA860229FF9B40042875F /* Main.storyboard */ = {
			isa = PBXVariantGroup;
			children = (
				820EA861229FF9B40042875F /* Base */,
			);
			name = Main.storyboard;
			sourceTree = "<group>";
		};
		820EA865229FF9B60042875F /* LaunchScreen.storyboard */ = {
			isa = PBXVariantGroup;
			children = (
				820EA866229FF9B60042875F /* Base */,
			);
			name = LaunchScreen.storyboard;
			sourceTree = "<group>";
		};
/* End PBXVariantGroup section */

/* Begin XCBuildConfiguration section */
		820EA869229FF9B70042875F /* Debug */ = {
			isa = XCBuildConfiguration;
			buildSettings = {
				ALWAYS_SEARCH_USER_PATHS = NO;
				CLANG_ANALYZER_NONNULL = YES;
				CLANG_ANALYZER_NUMBER_OBJECT_CONVERSION = YES_AGGRESSIVE;
				CLANG_CXX_LANGUAGE_STANDARD = "gnu++14";
				CLANG_CXX_LIBRARY = "libc++";
				CLANG_ENABLE_MODULES = YES;
				CLANG_ENABLE_OBJC_ARC = YES;
				CLANG_ENABLE_OBJC_WEAK = YES;
				CLANG_WARN_BLOCK_CAPTURE_AUTORELEASING = YES;
				CLANG_WARN_BOOL_CONVERSION = YES;
				CLANG_WARN_COMMA = YES;
				CLANG_WARN_CONSTANT_CONVERSION = YES;
				CLANG_WARN_DEPRECATED_OBJC_IMPLEMENTATIONS = YES;
				CLANG_WARN_DIRECT_OBJC_ISA_USAGE = YES_ERROR;
				CLANG_WARN_DOCUMENTATION_COMMENTS = YES;
				CLANG_WARN_EMPTY_BODY = YES;
				CLANG_WARN_ENUM_CONVERSION = YES;
				CLANG_WARN_INFINITE_RECURSION = YES;
				CLANG_WARN_INT_CONVERSION = YES;
				CLANG_WARN_NON_LITERAL_NULL_CONVERSION = YES;
				CLANG_WARN_OBJC_IMPLICIT_RETAIN_SELF = YES;
				CLANG_WARN_OBJC_LITERAL_CONVERSION = YES;
				CLANG_WARN_OBJC_ROOT_CLASS = YES_ERROR;
				CLANG_WARN_RANGE_LOOP_ANALYSIS = YES;
				CLANG_WARN_STRICT_PROTOTYPES = YES;
				CLANG_WARN_SUSPICIOUS_MOVE = YES;
				CLANG_WARN_UNGUARDED_AVAILABILITY = YES_AGGRESSIVE;
				CLANG_WARN_UNREACHABLE_CODE = YES;
				CLANG_WARN__DUPLICATE_METHOD_MATCH = YES;
				CODE_SIGN_IDENTITY = "iPhone Developer";
				COPY_PHASE_STRIP = NO;
				DEBUG_INFORMATION_FORMAT = dwarf;
				ENABLE_STRICT_OBJC_MSGSEND = YES;
				ENABLE_TESTABILITY = YES;
				GCC_C_LANGUAGE_STANDARD = gnu11;
				GCC_DYNAMIC_NO_PIC = NO;
				GCC_NO_COMMON_BLOCKS = YES;
				GCC_OPTIMIZATION_LEVEL = 0;
				GCC_PREPROCESSOR_DEFINITIONS = (
					"DEBUG=1",
					"$(inherited)",
				);
				GCC_WARN_64_TO_32_BIT_CONVERSION = YES;
				GCC_WARN_ABOUT_RETURN_TYPE = YES_ERROR;
				GCC_WARN_UNDECLARED_SELECTOR = YES;
				GCC_WARN_UNINITIALIZED_AUTOS = YES_AGGRESSIVE;
				GCC_WARN_UNUSED_FUNCTION = YES;
				GCC_WARN_UNUSED_VARIABLE = YES;
				IPHONEOS_DEPLOYMENT_TARGET = 12.2;
				MTL_ENABLE_DEBUG_INFO = INCLUDE_SOURCE;
				MTL_FAST_MATH = YES;
				ONLY_ACTIVE_ARCH = YES;
				SDKROOT = iphoneos;
				SWIFT_ACTIVE_COMPILATION_CONDITIONS = DEBUG;
				SWIFT_OPTIMIZATION_LEVEL = "-Onone";
			};
			name = Debug;
		};
		820EA86A229FF9B70042875F /* Release */ = {
			isa = XCBuildConfiguration;
			buildSettings = {
				ALWAYS_SEARCH_USER_PATHS = NO;
				CLANG_ANALYZER_NONNULL = YES;
				CLANG_ANALYZER_NUMBER_OBJECT_CONVERSION = YES_AGGRESSIVE;
				CLANG_CXX_LANGUAGE_STANDARD = "gnu++14";
				CLANG_CXX_LIBRARY = "libc++";
				CLANG_ENABLE_MODULES = YES;
				CLANG_ENABLE_OBJC_ARC = YES;
				CLANG_ENABLE_OBJC_WEAK = YES;
				CLANG_WARN_BLOCK_CAPTURE_AUTORELEASING = YES;
				CLANG_WARN_BOOL_CONVERSION = YES;
				CLANG_WARN_COMMA = YES;
				CLANG_WARN_CONSTANT_CONVERSION = YES;
				CLANG_WARN_DEPRECATED_OBJC_IMPLEMENTATIONS = YES;
				CLANG_WARN_DIRECT_OBJC_ISA_USAGE = YES_ERROR;
				CLANG_WARN_DOCUMENTATION_COMMENTS = YES;
				CLANG_WARN_EMPTY_BODY = YES;
				CLANG_WARN_ENUM_CONVERSION = YES;
				CLANG_WARN_INFINITE_RECURSION = YES;
				CLANG_WARN_INT_CONVERSION = YES;
				CLANG_WARN_NON_LITERAL_NULL_CONVERSION = YES;
				CLANG_WARN_OBJC_IMPLICIT_RETAIN_SELF = YES;
				CLANG_WARN_OBJC_LITERAL_CONVERSION = YES;
				CLANG_WARN_OBJC_ROOT_CLASS = YES_ERROR;
				CLANG_WARN_RANGE_LOOP_ANALYSIS = YES;
				CLANG_WARN_STRICT_PROTOTYPES = YES;
				CLANG_WARN_SUSPICIOUS_MOVE = YES;
				CLANG_WARN_UNGUARDED_AVAILABILITY = YES_AGGRESSIVE;
				CLANG_WARN_UNREACHABLE_CODE = YES;
				CLANG_WARN__DUPLICATE_METHOD_MATCH = YES;
				CODE_SIGN_IDENTITY = "iPhone Developer";
				COPY_PHASE_STRIP = NO;
				DEBUG_INFORMATION_FORMAT = "dwarf-with-dsym";
				ENABLE_NS_ASSERTIONS = NO;
				ENABLE_STRICT_OBJC_MSGSEND = YES;
				GCC_C_LANGUAGE_STANDARD = gnu11;
				GCC_NO_COMMON_BLOCKS = YES;
				GCC_WARN_64_TO_32_BIT_CONVERSION = YES;
				GCC_WARN_ABOUT_RETURN_TYPE = YES_ERROR;
				GCC_WARN_UNDECLARED_SELECTOR = YES;
				GCC_WARN_UNINITIALIZED_AUTOS = YES_AGGRESSIVE;
				GCC_WARN_UNUSED_FUNCTION = YES;
				GCC_WARN_UNUSED_VARIABLE = YES;
				IPHONEOS_DEPLOYMENT_TARGET = 12.2;
				MTL_ENABLE_DEBUG_INFO = NO;
				MTL_FAST_MATH = YES;
				SDKROOT = iphoneos;
				SWIFT_COMPILATION_MODE = wholemodule;
				SWIFT_OPTIMIZATION_LEVEL = "-O";
				VALIDATE_PRODUCT = YES;
			};
			name = Release;
		};
		820EA86C229FF9B70042875F /* Debug */ = {
			isa = XCBuildConfiguration;
			buildSettings = {
				ASSETCATALOG_COMPILER_APPICON_NAME = AppIcon;
				CODE_SIGN_STYLE = Automatic;
				DEVELOPMENT_TEAM = P46632C32H;
				FRAMEWORK_SEARCH_PATHS = (
					"$(inherited)",
					"$(PROJECT_DIR)/Carthage/Build/iOS",
				);
				INFOPLIST_FILE = DataSourceKitSandbox/Info.plist;
				LD_RUNPATH_SEARCH_PATHS = (
					"$(inherited)",
					"@executable_path/Frameworks",
				);
				PRODUCT_BUNDLE_IDENTIFIER = com.0sataku.DataSourceKitSandbox;
				PRODUCT_NAME = "$(TARGET_NAME)";
				SWIFT_VERSION = 5.0;
				TARGETED_DEVICE_FAMILY = "1,2";
			};
			name = Debug;
		};
		820EA86D229FF9B70042875F /* Release */ = {
			isa = XCBuildConfiguration;
			buildSettings = {
				ASSETCATALOG_COMPILER_APPICON_NAME = AppIcon;
				CODE_SIGN_STYLE = Automatic;
				DEVELOPMENT_TEAM = P46632C32H;
				FRAMEWORK_SEARCH_PATHS = (
					"$(inherited)",
					"$(PROJECT_DIR)/Carthage/Build/iOS",
				);
				INFOPLIST_FILE = DataSourceKitSandbox/Info.plist;
				LD_RUNPATH_SEARCH_PATHS = (
					"$(inherited)",
					"@executable_path/Frameworks",
				);
				PRODUCT_BUNDLE_IDENTIFIER = com.0sataku.DataSourceKitSandbox;
				PRODUCT_NAME = "$(TARGET_NAME)";
				SWIFT_VERSION = 5.0;
				TARGETED_DEVICE_FAMILY = "1,2";
			};
			name = Release;
		};
/* End XCBuildConfiguration section */

/* Begin XCConfigurationList section */
		820EA854229FF9B40042875F /* Build configuration list for PBXProject "DataSourceKitSandbox" */ = {
			isa = XCConfigurationList;
			buildConfigurations = (
				820EA869229FF9B70042875F /* Debug */,
				820EA86A229FF9B70042875F /* Release */,
			);
			defaultConfigurationIsVisible = 0;
			defaultConfigurationName = Release;
		};
		820EA86B229FF9B70042875F /* Build configuration list for PBXNativeTarget "DataSourceKitSandbox" */ = {
			isa = XCConfigurationList;
			buildConfigurations = (
				820EA86C229FF9B70042875F /* Debug */,
				820EA86D229FF9B70042875F /* Release */,
			);
			defaultConfigurationIsVisible = 0;
			defaultConfigurationName = Release;
		};
/* End XCConfigurationList section */
	};
	rootObject = 820EA851229FF9B40042875F /* Project object */;
}
